// !$*UTF8*$!
{
	archiveVersion = 1;
	classes = {
	};
	objectVersion = 56;
	objects = {

/* Begin PBXBuildFile section */
		D49588A02A8D1E1700BFAAAE /* ClockIndicator.swift in Sources */ = {isa = PBXBuildFile; fileRef = D495889C2A8D1E1700BFAAAE /* ClockIndicator.swift */; };
		D49588A12A8D1E1700BFAAAE /* ClockView.swift in Sources */ = {isa = PBXBuildFile; fileRef = D495889D2A8D1E1700BFAAAE /* ClockView.swift */; };
		D49588A22A8D1E1700BFAAAE /* ClockModel.swift in Sources */ = {isa = PBXBuildFile; fileRef = D495889E2A8D1E1700BFAAAE /* ClockModel.swift */; };
		D49588A32A8D1E1700BFAAAE /* ClockMarks.swift in Sources */ = {isa = PBXBuildFile; fileRef = D495889F2A8D1E1700BFAAAE /* ClockMarks.swift */; };
		D4D4BBFC2A8D17F4000DCDBD /* Clock_AppApp.swift in Sources */ = {isa = PBXBuildFile; fileRef = D4D4BBFB2A8D17F4000DCDBD /* Clock_AppApp.swift */; };
		D4D4BBFE2A8D17F4000DCDBD /* ContentView.swift in Sources */ = {isa = PBXBuildFile; fileRef = D4D4BBFD2A8D17F4000DCDBD /* ContentView.swift */; };
		D4D4BC002A8D17F5000DCDBD /* Assets.xcassets in Resources */ = {isa = PBXBuildFile; fileRef = D4D4BBFF2A8D17F5000DCDBD /* Assets.xcassets */; };
		D4D4BC032A8D17F5000DCDBD /* Preview Assets.xcassets in Resources */ = {isa = PBXBuildFile; fileRef = D4D4BC022A8D17F5000DCDBD /* Preview Assets.xcassets */; };
		D4D4BC0D2A8D17F5000DCDBD /* Clock_AppTests.swift in Sources */ = {isa = PBXBuildFile; fileRef = D4D4BC0C2A8D17F5000DCDBD /* Clock_AppTests.swift */; };
		D4D4BC172A8D17F5000DCDBD /* Clock_AppUITests.swift in Sources */ = {isa = PBXBuildFile; fileRef = D4D4BC162A8D17F5000DCDBD /* Clock_AppUITests.swift */; };
		D4D4BC192A8D17F5000DCDBD /* Clock_AppUITestsLaunchTests.swift in Sources */ = {isa = PBXBuildFile; fileRef = D4D4BC182A8D17F5000DCDBD /* Clock_AppUITestsLaunchTests.swift */; };
/* End PBXBuildFile section */

/* Begin PBXContainerItemProxy section */
		D4D4BC092A8D17F5000DCDBD /* PBXContainerItemProxy */ = {
			isa = PBXContainerItemProxy;
			containerPortal = D4D4BBF02A8D17F4000DCDBD /* Project object */;
			proxyType = 1;
			remoteGlobalIDString = D4D4BBF72A8D17F4000DCDBD;
			remoteInfo = "Clock App";
		};
		D4D4BC132A8D17F5000DCDBD /* PBXContainerItemProxy */ = {
			isa = PBXContainerItemProxy;
			containerPortal = D4D4BBF02A8D17F4000DCDBD /* Project object */;
			proxyType = 1;
			remoteGlobalIDString = D4D4BBF72A8D17F4000DCDBD;
			remoteInfo = "Clock App";
		};
/* End PBXContainerItemProxy section */

/* Begin PBXFileReference section */
		D495889C2A8D1E1700BFAAAE /* ClockIndicator.swift */ = {isa = PBXFileReference; fileEncoding = 4; lastKnownFileType = sourcecode.swift; path = ClockIndicator.swift; sourceTree = "<group>"; };
		D495889D2A8D1E1700BFAAAE /* ClockView.swift */ = {isa = PBXFileReference; fileEncoding = 4; lastKnownFileType = sourcecode.swift; path = ClockView.swift; sourceTree = "<group>"; };
		D495889E2A8D1E1700BFAAAE /* ClockModel.swift */ = {isa = PBXFileReference; fileEncoding = 4; lastKnownFileType = sourcecode.swift; path = ClockModel.swift; sourceTree = "<group>"; };
		D495889F2A8D1E1700BFAAAE /* ClockMarks.swift */ = {isa = PBXFileReference; fileEncoding = 4; lastKnownFileType = sourcecode.swift; path = ClockMarks.swift; sourceTree = "<group>"; };
		D4D4BBF82A8D17F4000DCDBD /* Clock App.app */ = {isa = PBXFileReference; explicitFileType = wrapper.application; includeInIndex = 0; path = "Clock App.app"; sourceTree = BUILT_PRODUCTS_DIR; };
		D4D4BBFB2A8D17F4000DCDBD /* Clock_AppApp.swift */ = {isa = PBXFileReference; lastKnownFileType = sourcecode.swift; path = Clock_AppApp.swift; sourceTree = "<group>"; };
		D4D4BBFD2A8D17F4000DCDBD /* ContentView.swift */ = {isa = PBXFileReference; lastKnownFileType = sourcecode.swift; path = ContentView.swift; sourceTree = "<group>"; };
		D4D4BBFF2A8D17F5000DCDBD /* Assets.xcassets */ = {isa = PBXFileReference; lastKnownFileType = folder.assetcatalog; path = Assets.xcassets; sourceTree = "<group>"; };
		D4D4BC022A8D17F5000DCDBD /* Preview Assets.xcassets */ = {isa = PBXFileReference; lastKnownFileType = folder.assetcatalog; path = "Preview Assets.xcassets"; sourceTree = "<group>"; };
		D4D4BC082A8D17F5000DCDBD /* Clock AppTests.xctest */ = {isa = PBXFileReference; explicitFileType = wrapper.cfbundle; includeInIndex = 0; path = "Clock AppTests.xctest"; sourceTree = BUILT_PRODUCTS_DIR; };
		D4D4BC0C2A8D17F5000DCDBD /* Clock_AppTests.swift */ = {isa = PBXFileReference; lastKnownFileType = sourcecode.swift; path = Clock_AppTests.swift; sourceTree = "<group>"; };
		D4D4BC122A8D17F5000DCDBD /* Clock AppUITests.xctest */ = {isa = PBXFileReference; explicitFileType = wrapper.cfbundle; includeInIndex = 0; path = "Clock AppUITests.xctest"; sourceTree = BUILT_PRODUCTS_DIR; };
		D4D4BC162A8D17F5000DCDBD /* Clock_AppUITests.swift */ = {isa = PBXFileReference; lastKnownFileType = sourcecode.swift; path = Clock_AppUITests.swift; sourceTree = "<group>"; };
		D4D4BC182A8D17F5000DCDBD /* Clock_AppUITestsLaunchTests.swift */ = {isa = PBXFileReference; lastKnownFileType = sourcecode.swift; path = Clock_AppUITestsLaunchTests.swift; sourceTree = "<group>"; };
/* End PBXFileReference section */

/* Begin PBXFrameworksBuildPhase section */
		D4D4BBF52A8D17F4000DCDBD /* Frameworks */ = {
			isa = PBXFrameworksBuildPhase;
			buildActionMask = 2147483647;
			files = (
			);
			runOnlyForDeploymentPostprocessing = 0;
		};
		D4D4BC052A8D17F5000DCDBD /* Frameworks */ = {
			isa = PBXFrameworksBuildPhase;
			buildActionMask = 2147483647;
			files = (
			);
			runOnlyForDeploymentPostprocessing = 0;
		};
		D4D4BC0F2A8D17F5000DCDBD /* Frameworks */ = {
			isa = PBXFrameworksBuildPhase;
			buildActionMask = 2147483647;
			files = (
			);
			runOnlyForDeploymentPostprocessing = 0;
		};
/* End PBXFrameworksBuildPhase section */

/* Begin PBXGroup section */
		D4D4BBEF2A8D17F4000DCDBD = {
			isa = PBXGroup;
			children = (
				D4D4BBFA2A8D17F4000DCDBD /* Clock App */,
				D4D4BC0B2A8D17F5000DCDBD /* Clock AppTests */,
				D4D4BC152A8D17F5000DCDBD /* Clock AppUITests */,
				D4D4BBF92A8D17F4000DCDBD /* Products */,
			);
			sourceTree = "<group>";
		};
		D4D4BBF92A8D17F4000DCDBD /* Products */ = {
			isa = PBXGroup;
			children = (
				D4D4BBF82A8D17F4000DCDBD /* Clock App.app */,
				D4D4BC082A8D17F5000DCDBD /* Clock AppTests.xctest */,
				D4D4BC122A8D17F5000DCDBD /* Clock AppUITests.xctest */,
			);
			name = Products;
			sourceTree = "<group>";
		};
		D4D4BBFA2A8D17F4000DCDBD /* Clock App */ = {
			isa = PBXGroup;
			children = (
				D4D4BC252A8D18C2000DCDBD /* Model */,
				D4D4BBFB2A8D17F4000DCDBD /* Clock_AppApp.swift */,
				D4D4BBFD2A8D17F4000DCDBD /* ContentView.swift */,
				D4D4BBFF2A8D17F5000DCDBD /* Assets.xcassets */,
				D4D4BC012A8D17F5000DCDBD /* Preview Content */,
			);
			path = "Clock App";
			sourceTree = "<group>";
		};
		D4D4BC012A8D17F5000DCDBD /* Preview Content */ = {
			isa = PBXGroup;
			children = (
				D4D4BC022A8D17F5000DCDBD /* Preview Assets.xcassets */,
			);
			path = "Preview Content";
			sourceTree = "<group>";
		};
		D4D4BC0B2A8D17F5000DCDBD /* Clock AppTests */ = {
			isa = PBXGroup;
			children = (
				D4D4BC0C2A8D17F5000DCDBD /* Clock_AppTests.swift */,
			);
			path = "Clock AppTests";
			sourceTree = "<group>";
		};
		D4D4BC152A8D17F5000DCDBD /* Clock AppUITests */ = {
			isa = PBXGroup;
			children = (
				D4D4BC162A8D17F5000DCDBD /* Clock_AppUITests.swift */,
				D4D4BC182A8D17F5000DCDBD /* Clock_AppUITestsLaunchTests.swift */,
			);
			path = "Clock AppUITests";
			sourceTree = "<group>";
		};
		D4D4BC252A8D18C2000DCDBD /* Model */ = {
			isa = PBXGroup;
			children = (
				D495889C2A8D1E1700BFAAAE /* ClockIndicator.swift */,
				D495889F2A8D1E1700BFAAAE /* ClockMarks.swift */,
				D495889E2A8D1E1700BFAAAE /* ClockModel.swift */,
				D495889D2A8D1E1700BFAAAE /* ClockView.swift */,
			);
			path = Model;
			sourceTree = "<group>";
		};
/* End PBXGroup section */

/* Begin PBXNativeTarget section */
		D4D4BBF72A8D17F4000DCDBD /* Clock App */ = {
			isa = PBXNativeTarget;
			buildConfigurationList = D4D4BC1C2A8D17F5000DCDBD /* Build configuration list for PBXNativeTarget "Clock App" */;
			buildPhases = (
				D4D4BBF42A8D17F4000DCDBD /* Sources */,
				D4D4BBF52A8D17F4000DCDBD /* Frameworks */,
				D4D4BBF62A8D17F4000DCDBD /* Resources */,
			);
			buildRules = (
			);
			dependencies = (
			);
			name = "Clock App";
			productName = "Clock App";
			productReference = D4D4BBF82A8D17F4000DCDBD /* Clock App.app */;
			productType = "com.apple.product-type.application";
		};
		D4D4BC072A8D17F5000DCDBD /* Clock AppTests */ = {
			isa = PBXNativeTarget;
			buildConfigurationList = D4D4BC1F2A8D17F5000DCDBD /* Build configuration list for PBXNativeTarget "Clock AppTests" */;
			buildPhases = (
				D4D4BC042A8D17F5000DCDBD /* Sources */,
				D4D4BC052A8D17F5000DCDBD /* Frameworks */,
				D4D4BC062A8D17F5000DCDBD /* Resources */,
			);
			buildRules = (
			);
			dependencies = (
				D4D4BC0A2A8D17F5000DCDBD /* PBXTargetDependency */,
			);
			name = "Clock AppTests";
			productName = "Clock AppTests";
			productReference = D4D4BC082A8D17F5000DCDBD /* Clock AppTests.xctest */;
			productType = "com.apple.product-type.bundle.unit-test";
		};
		D4D4BC112A8D17F5000DCDBD /* Clock AppUITests */ = {
			isa = PBXNativeTarget;
			buildConfigurationList = D4D4BC222A8D17F5000DCDBD /* Build configuration list for PBXNativeTarget "Clock AppUITests" */;
			buildPhases = (
				D4D4BC0E2A8D17F5000DCDBD /* Sources */,
				D4D4BC0F2A8D17F5000DCDBD /* Frameworks */,
				D4D4BC102A8D17F5000DCDBD /* Resources */,
			);
			buildRules = (
			);
			dependencies = (
				D4D4BC142A8D17F5000DCDBD /* PBXTargetDependency */,
			);
			name = "Clock AppUITests";
			productName = "Clock AppUITests";
			productReference = D4D4BC122A8D17F5000DCDBD /* Clock AppUITests.xctest */;
			productType = "com.apple.product-type.bundle.ui-testing";
		};
/* End PBXNativeTarget section */

/* Begin PBXProject section */
		D4D4BBF02A8D17F4000DCDBD /* Project object */ = {
			isa = PBXProject;
			attributes = {
				BuildIndependentTargetsInParallel = 1;
				LastSwiftUpdateCheck = 1430;
				LastUpgradeCheck = 1430;
				TargetAttributes = {
					D4D4BBF72A8D17F4000DCDBD = {
						CreatedOnToolsVersion = 14.3.1;
					};
					D4D4BC072A8D17F5000DCDBD = {
						CreatedOnToolsVersion = 14.3.1;
						TestTargetID = D4D4BBF72A8D17F4000DCDBD;
					};
					D4D4BC112A8D17F5000DCDBD = {
						CreatedOnToolsVersion = 14.3.1;
						TestTargetID = D4D4BBF72A8D17F4000DCDBD;
					};
				};
			};
			buildConfigurationList = D4D4BBF32A8D17F4000DCDBD /* Build configuration list for PBXProject "Clock App" */;
			compatibilityVersion = "Xcode 14.0";
			developmentRegion = en;
			hasScannedForEncodings = 0;
			knownRegions = (
				en,
				Base,
			);
			mainGroup = D4D4BBEF2A8D17F4000DCDBD;
			productRefGroup = D4D4BBF92A8D17F4000DCDBD /* Products */;
			projectDirPath = "";
			projectRoot = "";
			targets = (
				D4D4BBF72A8D17F4000DCDBD /* Clock App */,
				D4D4BC072A8D17F5000DCDBD /* Clock AppTests */,
				D4D4BC112A8D17F5000DCDBD /* Clock AppUITests */,
			);
		};
/* End PBXProject section */

/* Begin PBXResourcesBuildPhase section */
		D4D4BBF62A8D17F4000DCDBD /* Resources */ = {
			isa = PBXResourcesBuildPhase;
			buildActionMask = 2147483647;
			files = (
				D4D4BC032A8D17F5000DCDBD /* Preview Assets.xcassets in Resources */,
				D4D4BC002A8D17F5000DCDBD /* Assets.xcassets in Resources */,
			);
			runOnlyForDeploymentPostprocessing = 0;
		};
		D4D4BC062A8D17F5000DCDBD /* Resources */ = {
			isa = PBXResourcesBuildPhase;
			buildActionMask = 2147483647;
			files = (
			);
			runOnlyForDeploymentPostprocessing = 0;
		};
		D4D4BC102A8D17F5000DCDBD /* Resources */ = {
			isa = PBXResourcesBuildPhase;
			buildActionMask = 2147483647;
			files = (
			);
			runOnlyForDeploymentPostprocessing = 0;
		};
/* End PBXResourcesBuildPhase section */

/* Begin PBXSourcesBuildPhase section */
		D4D4BBF42A8D17F4000DCDBD /* Sources */ = {
			isa = PBXSourcesBuildPhase;
			buildActionMask = 2147483647;
			files = (
				D4D4BBFE2A8D17F4000DCDBD /* ContentView.swift in Sources */,
				D49588A32A8D1E1700BFAAAE /* ClockMarks.swift in Sources */,
				D49588A22A8D1E1700BFAAAE /* ClockModel.swift in Sources */,
				D49588A12A8D1E1700BFAAAE /* ClockView.swift in Sources */,
				D49588A02A8D1E1700BFAAAE /* ClockIndicator.swift in Sources */,
				D4D4BBFC2A8D17F4000DCDBD /* Clock_AppApp.swift in Sources */,
			);
			runOnlyForDeploymentPostprocessing = 0;
		};
		D4D4BC042A8D17F5000DCDBD /* Sources */ = {
			isa = PBXSourcesBuildPhase;
			buildActionMask = 2147483647;
			files = (
				D4D4BC0D2A8D17F5000DCDBD /* Clock_AppTests.swift in Sources */,
			);
			runOnlyForDeploymentPostprocessing = 0;
		};
		D4D4BC0E2A8D17F5000DCDBD /* Sources */ = {
			isa = PBXSourcesBuildPhase;
			buildActionMask = 2147483647;
			files = (
				D4D4BC172A8D17F5000DCDBD /* Clock_AppUITests.swift in Sources */,
				D4D4BC192A8D17F5000DCDBD /* Clock_AppUITestsLaunchTests.swift in Sources */,
			);
			runOnlyForDeploymentPostprocessing = 0;
		};
/* End PBXSourcesBuildPhase section */

/* Begin PBXTargetDependency section */
		D4D4BC0A2A8D17F5000DCDBD /* PBXTargetDependency */ = {
			isa = PBXTargetDependency;
			target = D4D4BBF72A8D17F4000DCDBD /* Clock App */;
			targetProxy = D4D4BC092A8D17F5000DCDBD /* PBXContainerItemProxy */;
		};
		D4D4BC142A8D17F5000DCDBD /* PBXTargetDependency */ = {
			isa = PBXTargetDependency;
			target = D4D4BBF72A8D17F4000DCDBD /* Clock App */;
			targetProxy = D4D4BC132A8D17F5000DCDBD /* PBXContainerItemProxy */;
		};
/* End PBXTargetDependency section */

/* Begin XCBuildConfiguration section */
		D4D4BC1A2A8D17F5000DCDBD /* Debug */ = {
			isa = XCBuildConfiguration;
			buildSettings = {
				ALWAYS_SEARCH_USER_PATHS = NO;
				CLANG_ANALYZER_NONNULL = YES;
				CLANG_ANALYZER_NUMBER_OBJECT_CONVERSION = YES_AGGRESSIVE;
				CLANG_CXX_LANGUAGE_STANDARD = "gnu++20";
				CLANG_ENABLE_MODULES = YES;
				CLANG_ENABLE_OBJC_ARC = YES;
				CLANG_ENABLE_OBJC_WEAK = YES;
				CLANG_WARN_BLOCK_CAPTURE_AUTORELEASING = YES;
				CLANG_WARN_BOOL_CONVERSION = YES;
				CLANG_WARN_COMMA = YES;
				CLANG_WARN_CONSTANT_CONVERSION = YES;
				CLANG_WARN_DEPRECATED_OBJC_IMPLEMENTATIONS = YES;
				CLANG_WARN_DIRECT_OBJC_ISA_USAGE = YES_ERROR;
				CLANG_WARN_DOCUMENTATION_COMMENTS = YES;
				CLANG_WARN_EMPTY_BODY = YES;
				CLANG_WARN_ENUM_CONVERSION = YES;
				CLANG_WARN_INFINITE_RECURSION = YES;
				CLANG_WARN_INT_CONVERSION = YES;
				CLANG_WARN_NON_LITERAL_NULL_CONVERSION = YES;
				CLANG_WARN_OBJC_IMPLICIT_RETAIN_SELF = YES;
				CLANG_WARN_OBJC_LITERAL_CONVERSION = YES;
				CLANG_WARN_OBJC_ROOT_CLASS = YES_ERROR;
				CLANG_WARN_QUOTED_INCLUDE_IN_FRAMEWORK_HEADER = YES;
				CLANG_WARN_RANGE_LOOP_ANALYSIS = YES;
				CLANG_WARN_STRICT_PROTOTYPES = YES;
				CLANG_WARN_SUSPICIOUS_MOVE = YES;
				CLANG_WARN_UNGUARDED_AVAILABILITY = YES_AGGRESSIVE;
				CLANG_WARN_UNREACHABLE_CODE = YES;
				CLANG_WARN__DUPLICATE_METHOD_MATCH = YES;
				COPY_PHASE_STRIP = NO;
				DEBUG_INFORMATION_FORMAT = dwarf;
				ENABLE_STRICT_OBJC_MSGSEND = YES;
				ENABLE_TESTABILITY = YES;
				GCC_C_LANGUAGE_STANDARD = gnu11;
				GCC_DYNAMIC_NO_PIC = NO;
				GCC_NO_COMMON_BLOCKS = YES;
				GCC_OPTIMIZATION_LEVEL = 0;
				GCC_PREPROCESSOR_DEFINITIONS = (
					"DEBUG=1",
					"$(inherited)",
				);
				GCC_WARN_64_TO_32_BIT_CONVERSION = YES;
				GCC_WARN_ABOUT_RETURN_TYPE = YES_ERROR;
				GCC_WARN_UNDECLARED_SELECTOR = YES;
				GCC_WARN_UNINITIALIZED_AUTOS = YES_AGGRESSIVE;
				GCC_WARN_UNUSED_FUNCTION = YES;
				GCC_WARN_UNUSED_VARIABLE = YES;
				IPHONEOS_DEPLOYMENT_TARGET = 16.4;
				MTL_ENABLE_DEBUG_INFO = INCLUDE_SOURCE;
				MTL_FAST_MATH = YES;
				ONLY_ACTIVE_ARCH = YES;
				SDKROOT = iphoneos;
				SWIFT_ACTIVE_COMPILATION_CONDITIONS = DEBUG;
				SWIFT_OPTIMIZATION_LEVEL = "-Onone";
			};
			name = Debug;
		};
		D4D4BC1B2A8D17F5000DCDBD /* Release */ = {
			isa = XCBuildConfiguration;
			buildSettings = {
				ALWAYS_SEARCH_USER_PATHS = NO;
				CLANG_ANALYZER_NONNULL = YES;
				CLANG_ANALYZER_NUMBER_OBJECT_CONVERSION = YES_AGGRESSIVE;
				CLANG_CXX_LANGUAGE_STANDARD = "gnu++20";
				CLANG_ENABLE_MODULES = YES;
				CLANG_ENABLE_OBJC_ARC = YES;
				CLANG_ENABLE_OBJC_WEAK = YES;
				CLANG_WARN_BLOCK_CAPTURE_AUTORELEASING = YES;
				CLANG_WARN_BOOL_CONVERSION = YES;
				CLANG_WARN_COMMA = YES;
				CLANG_WARN_CONSTANT_CONVERSION = YES;
				CLANG_WARN_DEPRECATED_OBJC_IMPLEMENTATIONS = YES;
				CLANG_WARN_DIRECT_OBJC_ISA_USAGE = YES_ERROR;
				CLANG_WARN_DOCUMENTATION_COMMENTS = YES;
				CLANG_WARN_EMPTY_BODY = YES;
				CLANG_WARN_ENUM_CONVERSION = YES;
				CLANG_WARN_INFINITE_RECURSION = YES;
				CLANG_WARN_INT_CONVERSION = YES;
				CLANG_WARN_NON_LITERAL_NULL_CONVERSION = YES;
				CLANG_WARN_OBJC_IMPLICIT_RETAIN_SELF = YES;
				CLANG_WARN_OBJC_LITERAL_CONVERSION = YES;
				CLANG_WARN_OBJC_ROOT_CLASS = YES_ERROR;
				CLANG_WARN_QUOTED_INCLUDE_IN_FRAMEWORK_HEADER = YES;
				CLANG_WARN_RANGE_LOOP_ANALYSIS = YES;
				CLANG_WARN_STRICT_PROTOTYPES = YES;
				CLANG_WARN_SUSPICIOUS_MOVE = YES;
				CLANG_WARN_UNGUARDED_AVAILABILITY = YES_AGGRESSIVE;
				CLANG_WARN_UNREACHABLE_CODE = YES;
				CLANG_WARN__DUPLICATE_METHOD_MATCH = YES;
				COPY_PHASE_STRIP = NO;
				DEBUG_INFORMATION_FORMAT = "dwarf-with-dsym";
				ENABLE_NS_ASSERTIONS = NO;
				ENABLE_STRICT_OBJC_MSGSEND = YES;
				GCC_C_LANGUAGE_STANDARD = gnu11;
				GCC_NO_COMMON_BLOCKS = YES;
				GCC_WARN_64_TO_32_BIT_CONVERSION = YES;
				GCC_WARN_ABOUT_RETURN_TYPE = YES_ERROR;
				GCC_WARN_UNDECLARED_SELECTOR = YES;
				GCC_WARN_UNINITIALIZED_AUTOS = YES_AGGRESSIVE;
				GCC_WARN_UNUSED_FUNCTION = YES;
				GCC_WARN_UNUSED_VARIABLE = YES;
				IPHONEOS_DEPLOYMENT_TARGET = 16.4;
				MTL_ENABLE_DEBUG_INFO = NO;
				MTL_FAST_MATH = YES;
				SDKROOT = iphoneos;
				SWIFT_COMPILATION_MODE = wholemodule;
				SWIFT_OPTIMIZATION_LEVEL = "-O";
				VALIDATE_PRODUCT = YES;
			};
			name = Release;
		};
		D4D4BC1D2A8D17F5000DCDBD /* Debug */ = {
			isa = XCBuildConfiguration;
			buildSettings = {
				ASSETCATALOG_COMPILER_APPICON_NAME = AppIcon;
				ASSETCATALOG_COMPILER_GLOBAL_ACCENT_COLOR_NAME = AccentColor;
				CODE_SIGN_STYLE = Automatic;
				CURRENT_PROJECT_VERSION = 1;
				DEVELOPMENT_ASSET_PATHS = "\"Clock App/Preview Content\"";
				ENABLE_PREVIEWS = YES;
				GENERATE_INFOPLIST_FILE = YES;
				INFOPLIST_KEY_UIApplicationSceneManifest_Generation = YES;
				INFOPLIST_KEY_UIApplicationSupportsIndirectInputEvents = YES;
				INFOPLIST_KEY_UILaunchScreen_Generation = YES;
				INFOPLIST_KEY_UISupportedInterfaceOrientations_iPad = "UIInterfaceOrientationPortrait UIInterfaceOrientationPortraitUpsideDown UIInterfaceOrientationLandscapeLeft UIInterfaceOrientationLandscapeRight";
				INFOPLIST_KEY_UISupportedInterfaceOrientations_iPhone = "UIInterfaceOrientationPortrait UIInterfaceOrientationLandscapeLeft UIInterfaceOrientationLandscapeRight";
				LD_RUNPATH_SEARCH_PATHS = (
					"$(inherited)",
					"@executable_path/Frameworks",
				);
				MARKETING_VERSION = 1.0;
				PRODUCT_BUNDLE_IDENTIFIER = "eyh.com.Clock-App";
				PRODUCT_NAME = "$(TARGET_NAME)";
				SWIFT_EMIT_LOC_STRINGS = YES;
				SWIFT_VERSION = 5.0;
				TARGETED_DEVICE_FAMILY = "1,2";
			};
			name = Debug;
		};
		D4D4BC1E2A8D17F5000DCDBD /* Release */ = {
			isa = XCBuildConfiguration;
			buildSettings = {
				ASSETCATALOG_COMPILER_APPICON_NAME = AppIcon;
				ASSETCATALOG_COMPILER_GLOBAL_ACCENT_COLOR_NAME = AccentColor;
				CODE_SIGN_STYLE = Automatic;
				CURRENT_PROJECT_VERSION = 1;
				DEVELOPMENT_ASSET_PATHS = "\"Clock App/Preview Content\"";
				ENABLE_PREVIEWS = YES;
				GENERATE_INFOPLIST_FILE = YES;
				INFOPLIST_KEY_UIApplicationSceneManifest_Generation = YES;
				INFOPLIST_KEY_UIApplicationSupportsIndirectInputEvents = YES;
				INFOPLIST_KEY_UILaunchScreen_Generation = YES;
				INFOPLIST_KEY_UISupportedInterfaceOrientations_iPad = "UIInterfaceOrientationPortrait UIInterfaceOrientationPortraitUpsideDown UIInterfaceOrientationLandscapeLeft UIInterfaceOrientationLandscapeRight";
				INFOPLIST_KEY_UISupportedInterfaceOrientations_iPhone = "UIInterfaceOrientationPortrait UIInterfaceOrientationLandscapeLeft UIInterfaceOrientationLandscapeRight";
				LD_RUNPATH_SEARCH_PATHS = (
					"$(inherited)",
					"@executable_path/Frameworks",
				);
				MARKETING_VERSION = 1.0;
				PRODUCT_BUNDLE_IDENTIFIER = "eyh.com.Clock-App";
				PRODUCT_NAME = "$(TARGET_NAME)";
				SWIFT_EMIT_LOC_STRINGS = YES;
				SWIFT_VERSION = 5.0;
				TARGETED_DEVICE_FAMILY = "1,2";
			};
			name = Release;
		};
		D4D4BC202A8D17F5000DCDBD /* Debug */ = {
			isa = XCBuildConfiguration;
			buildSettings = {
				ALWAYS_EMBED_SWIFT_STANDARD_LIBRARIES = YES;
				BUNDLE_LOADER = "$(TEST_HOST)";
				CODE_SIGN_STYLE = Automatic;
				CURRENT_PROJECT_VERSION = 1;
				GENERATE_INFOPLIST_FILE = YES;
				IPHONEOS_DEPLOYMENT_TARGET = 16.4;
				MARKETING_VERSION = 1.0;
				PRODUCT_BUNDLE_IDENTIFIER = "eyh.com.Clock-AppTests";
				PRODUCT_NAME = "$(TARGET_NAME)";
				SWIFT_EMIT_LOC_STRINGS = NO;
				SWIFT_VERSION = 5.0;
				TARGETED_DEVICE_FAMILY = "1,2";
				TEST_HOST = "$(BUILT_PRODUCTS_DIR)/Clock App.app/$(BUNDLE_EXECUTABLE_FOLDER_PATH)/Clock App";
			};
			name = Debug;
		};
		D4D4BC212A8D17F5000DCDBD /* Release */ = {
			isa = XCBuildConfiguration;
			buildSettings = {
				ALWAYS_EMBED_SWIFT_STANDARD_LIBRARIES = YES;
				BUNDLE_LOADER = "$(TEST_HOST)";
				CODE_SIGN_STYLE = Automatic;
				CURRENT_PROJECT_VERSION = 1;
				GENERATE_INFOPLIST_FILE = YES;
				IPHONEOS_DEPLOYMENT_TARGET = 16.4;
				MARKETING_VERSION = 1.0;
				PRODUCT_BUNDLE_IDENTIFIER = "eyh.com.Clock-AppTests";
				PRODUCT_NAME = "$(TARGET_NAME)";
				SWIFT_EMIT_LOC_STRINGS = NO;
				SWIFT_VERSION = 5.0;
				TARGETED_DEVICE_FAMILY = "1,2";
				TEST_HOST = "$(BUILT_PRODUCTS_DIR)/Clock App.app/$(BUNDLE_EXECUTABLE_FOLDER_PATH)/Clock App";
			};
			name = Release;
		};
		D4D4BC232A8D17F5000DCDBD /* Debug */ = {
			isa = XCBuildConfiguration;
			buildSettings = {
				ALWAYS_EMBED_SWIFT_STANDARD_LIBRARIES = YES;
				CODE_SIGN_STYLE = Automatic;
				CURRENT_PROJECT_VERSION = 1;
				GENERATE_INFOPLIST_FILE = YES;
				MARKETING_VERSION = 1.0;
				PRODUCT_BUNDLE_IDENTIFIER = "eyh.com.Clock-AppUITests";
				PRODUCT_NAME = "$(TARGET_NAME)";
				SWIFT_EMIT_LOC_STRINGS = NO;
				SWIFT_VERSION = 5.0;
				TARGETED_DEVICE_FAMILY = "1,2";
				TEST_TARGET_NAME = "Clock App";
			};
			name = Debug;
		};
		D4D4BC242A8D17F5000DCDBD /* Release */ = {
			isa = XCBuildConfiguration;
			buildSettings = {
				ALWAYS_EMBED_SWIFT_STANDARD_LIBRARIES = YES;
				CODE_SIGN_STYLE = Automatic;
				CURRENT_PROJECT_VERSION = 1;
				GENERATE_INFOPLIST_FILE = YES;
				MARKETING_VERSION = 1.0;
				PRODUCT_BUNDLE_IDENTIFIER = "eyh.com.Clock-AppUITests";
				PRODUCT_NAME = "$(TARGET_NAME)";
				SWIFT_EMIT_LOC_STRINGS = NO;
				SWIFT_VERSION = 5.0;
				TARGETED_DEVICE_FAMILY = "1,2";
				TEST_TARGET_NAME = "Clock App";
			};
			name = Release;
		};
/* End XCBuildConfiguration section */

/* Begin XCConfigurationList section */
		D4D4BBF32A8D17F4000DCDBD /* Build configuration list for PBXProject "Clock App" */ = {
			isa = XCConfigurationList;
			buildConfigurations = (
				D4D4BC1A2A8D17F5000DCDBD /* Debug */,
				D4D4BC1B2A8D17F5000DCDBD /* Release */,
			);
			defaultConfigurationIsVisible = 0;
			defaultConfigurationName = Release;
		};
		D4D4BC1C2A8D17F5000DCDBD /* Build configuration list for PBXNativeTarget "Clock App" */ = {
			isa = XCConfigurationList;
			buildConfigurations = (
				D4D4BC1D2A8D17F5000DCDBD /* Debug */,
				D4D4BC1E2A8D17F5000DCDBD /* Release */,
			);
			defaultConfigurationIsVisible = 0;
			defaultConfigurationName = Release;
		};
		D4D4BC1F2A8D17F5000DCDBD /* Build configuration list for PBXNativeTarget "Clock AppTests" */ = {
			isa = XCConfigurationList;
			buildConfigurations = (
				D4D4BC202A8D17F5000DCDBD /* Debug */,
				D4D4BC212A8D17F5000DCDBD /* Release */,
			);
			defaultConfigurationIsVisible = 0;
			defaultConfigurationName = Release;
		};
		D4D4BC222A8D17F5000DCDBD /* Build configuration list for PBXNativeTarget "Clock AppUITests" */ = {
			isa = XCConfigurationList;
			buildConfigurations = (
				D4D4BC232A8D17F5000DCDBD /* Debug */,
				D4D4BC242A8D17F5000DCDBD /* Release */,
			);
			defaultConfigurationIsVisible = 0;
			defaultConfigurationName = Release;
		};
/* End XCConfigurationList section */
	};
	rootObject = D4D4BBF02A8D17F4000DCDBD /* Project object */;
}
